
Microsoft Visual Studio Solution File, Format Version 12.00
# Visual Studio 15
VisualStudioVersion = 15.0.28307.329
MinimumVisualStudioVersion = 10.0.40219.1
Project("{FAE04EC0-301F-11D3-BF4B-00C04F79EFBC}") = "kvstore", "kvstore\kvstore.csproj", "{7D65AEC1-D199-4B3A-80D7-F12810C5DA5F}"
EndProject
Project("{FAE04EC0-301F-11D3-BF4B-00C04F79EFBC}") = "UnitTestProject1", "UnitTestProject1\UnitTestProject1.csproj", "{7F314474-8EEE-4A25-A467-BAEA28DB40D3}"
EndProject
Global
	GlobalSection(SolutionConfigurationPlatforms) = preSolution
		Debug|Any CPU = Debug|Any CPU
		Release|Any CPU = Release|Any CPU
	EndGlobalSection
	GlobalSection(ProjectConfigurationPlatforms) = postSolution
		{7D65AEC1-D199-4B3A-80D7-F12810C5DA5F}.Debug|Any CPU.ActiveCfg = Debug|Any CPU
		{7D65AEC1-D199-4B3A-80D7-F12810C5DA5F}.Debug|Any CPU.Build.0 = Debug|Any CPU
		{7D65AEC1-D199-4B3A-80D7-F12810C5DA5F}.Release|Any CPU.ActiveCfg = Release|Any CPU
		{7D65AEC1-D199-4B3A-80D7-F12810C5DA5F}.Release|Any CPU.Build.0 = Release|Any CPU
		{7F314474-8EEE-4A25-A467-BAEA28DB40D3}.Debug|Any CPU.ActiveCfg = Debug|Any CPU
		{7F314474-8EEE-4A25-A467-BAEA28DB40D3}.Debug|Any CPU.Build.0 = Debug|Any CPU
		{7F314474-8EEE-4A25-A467-BAEA28DB40D3}.Release|Any CPU.ActiveCfg = Release|Any CPU
		{7F314474-8EEE-4A25-A467-BAEA28DB40D3}.Release|Any CPU.Build.0 = Release|Any CPU
	EndGlobalSection
	GlobalSection(SolutionProperties) = preSolution
		HideSolutionNode = FALSE
	EndGlobalSection
	GlobalSection(ExtensibilityGlobals) = postSolution
		SolutionGuid = {56CA287B-C433-4973-9F13-60B1BFC6F7C0}
	EndGlobalSection
EndGlobal
